// !$*UTF8*$!
{
	archiveVersion = 1;
	classes = {
	};
	objectVersion = 51;
	objects = {

/* Begin PBXBuildFile section */
		14CAC3D500FBA48705574EB1 /* Pods_Powdermills_PowdermillsUITests.framework in Frameworks */ = {isa = PBXBuildFile; fileRef = B5EDAFAB896D4F7B51ABC99A /* Pods_Powdermills_PowdermillsUITests.framework */; };
		79446276C6DD470E73526BC3 /* Pods_Powdermills.framework in Frameworks */ = {isa = PBXBuildFile; fileRef = 1BF24C9167A25251D2322E8E /* Pods_Powdermills.framework */; };
		B413DEE42607914B00EB8903 /* ParkMapViewModel.swift in Sources */ = {isa = PBXBuildFile; fileRef = B413DEE32607914B00EB8903 /* ParkMapViewModel.swift */; };
		B413DEED2607998E00EB8903 /* BuildingListItemViewModel.swift in Sources */ = {isa = PBXBuildFile; fileRef = B413DEEC2607998E00EB8903 /* BuildingListItemViewModel.swift */; };
		B413DEF2260799A200EB8903 /* BuildingListItemView.swift in Sources */ = {isa = PBXBuildFile; fileRef = B413DEF1260799A200EB8903 /* BuildingListItemView.swift */; };
		B418449B253CCE65008247B7 /* Colors.swift in Sources */ = {isa = PBXBuildFile; fileRef = B418449A253CCE65008247B7 /* Colors.swift */; };
		B4245ACB26064A3400D1249D /* PMLogger.swift in Sources */ = {isa = PBXBuildFile; fileRef = B4245ACA26064A3400D1249D /* PMLogger.swift */; };
		B4275BB324FB924D00739741 /* PowdermillsApp.swift in Sources */ = {isa = PBXBuildFile; fileRef = B4275BB224FB924D00739741 /* PowdermillsApp.swift */; };
		B4275BB524FB924D00739741 /* ContentView.swift in Sources */ = {isa = PBXBuildFile; fileRef = B4275BB424FB924D00739741 /* ContentView.swift */; };
		B4275BB724FB924E00739741 /* Assets.xcassets in Resources */ = {isa = PBXBuildFile; fileRef = B4275BB624FB924E00739741 /* Assets.xcassets */; };
		B4275BBA24FB924E00739741 /* Preview Assets.xcassets in Resources */ = {isa = PBXBuildFile; fileRef = B4275BB924FB924E00739741 /* Preview Assets.xcassets */; };
		B4275BD024FB924E00739741 /* PowdermillsUITests.swift in Sources */ = {isa = PBXBuildFile; fileRef = B4275BCF24FB924E00739741 /* PowdermillsUITests.swift */; };
		B445122F25D96F4C00B856A1 /* MapAnnotation.swift in Sources */ = {isa = PBXBuildFile; fileRef = B445122E25D96F4C00B856A1 /* MapAnnotation.swift */; };
		B445123425D96F7400B856A1 /* MapAnnotationView.swift in Sources */ = {isa = PBXBuildFile; fileRef = B445123325D96F7400B856A1 /* MapAnnotationView.swift */; };
		B445129925D98B9500B856A1 /* MapAnnotationController.swift in Sources */ = {isa = PBXBuildFile; fileRef = B445129825D98B9500B856A1 /* MapAnnotationController.swift */; };
		B455787325C343CE00EDEC14 /* OpenSans-Regular.ttf in Resources */ = {isa = PBXBuildFile; fileRef = B455787225C343CE00EDEC14 /* OpenSans-Regular.ttf */; };
		B455789025C3445900EDEC14 /* OpenSans-SemiBold.ttf in Resources */ = {isa = PBXBuildFile; fileRef = B455788F25C3445900EDEC14 /* OpenSans-SemiBold.ttf */; };
		B455789525C34A3B00EDEC14 /* BebasNeue Bold.ttf in Resources */ = {isa = PBXBuildFile; fileRef = B455789425C34A3B00EDEC14 /* BebasNeue Bold.ttf */; };
		B469D3F3250FDBBE00DA919C /* BuildingDetailsView.swift in Sources */ = {isa = PBXBuildFile; fileRef = B469D3F2250FDBBE00DA919C /* BuildingDetailsView.swift */; };
		B469D3F5250FDBCC00DA919C /* BuildingDetailsViewModel.swift in Sources */ = {isa = PBXBuildFile; fileRef = B469D3F4250FDBCC00DA919C /* BuildingDetailsViewModel.swift */; };
		B480817225BA23B600BDBB75 /* FirestoreController.swift in Sources */ = {isa = PBXBuildFile; fileRef = B480817125BA23B600BDBB75 /* FirestoreController.swift */; };
		B4A3929125FFDB12003FAAE4 /* LoadingView.swift in Sources */ = {isa = PBXBuildFile; fileRef = B4A3929025FFDB12003FAAE4 /* LoadingView.swift */; };
		B4A3929925FFE039003FAAE4 /* loading.gif in Resources */ = {isa = PBXBuildFile; fileRef = B4A3929825FFE039003FAAE4 /* loading.gif */; };
		B4A98A5F250EC04C0087F3E8 /* BuildingListView.swift in Sources */ = {isa = PBXBuildFile; fileRef = B4A98A5E250EC04C0087F3E8 /* BuildingListView.swift */; };
		B4A98A61250EC0650087F3E8 /* BuildingListViewModel.swift in Sources */ = {isa = PBXBuildFile; fileRef = B4A98A60250EC0650087F3E8 /* BuildingListViewModel.swift */; };
		B4A98A64250EC0850087F3E8 /* JSONBuilding.swift in Sources */ = {isa = PBXBuildFile; fileRef = B4A98A63250EC0850087F3E8 /* JSONBuilding.swift */; };
		B4A98A66250EC1BC0087F3E8 /* buildings.json in Resources */ = {isa = PBXBuildFile; fileRef = B4A98A65250EC1BC0087F3E8 /* buildings.json */; };
		B4A98A68250EC2DB0087F3E8 /* BuildingListViewModelTests.swift in Sources */ = {isa = PBXBuildFile; fileRef = B4A98A67250EC2DB0087F3E8 /* BuildingListViewModelTests.swift */; };
		B4A98A6A250EC5FC0087F3E8 /* BuildingRowView.swift in Sources */ = {isa = PBXBuildFile; fileRef = B4A98A69250EC5FC0087F3E8 /* BuildingRowView.swift */; };
		B4A98A6D250EC9910087F3E8 /* HomeView.swift in Sources */ = {isa = PBXBuildFile; fileRef = B4A98A6C250EC9910087F3E8 /* HomeView.swift */; };
		B4A98A6F250EC9990087F3E8 /* HomeViewModel.swift in Sources */ = {isa = PBXBuildFile; fileRef = B4A98A6E250EC9990087F3E8 /* HomeViewModel.swift */; };
		B4AE0EB6257EA47800ED1962 /* BuildingSubtitleView.swift in Sources */ = {isa = PBXBuildFile; fileRef = B4AE0EB5257EA47800ED1962 /* BuildingSubtitleView.swift */; };
		B4AE4B5525BA123600D62BF0 /* GoogleService-Info.plist in Resources */ = {isa = PBXBuildFile; fileRef = B4AE4B5425BA123600D62BF0 /* GoogleService-Info.plist */; };
		B4C43D9E0002F5459E4E6C3F /* Pods_PowdermillsTests.framework in Frameworks */ = {isa = PBXBuildFile; fileRef = F1F4CD6FD790EF97C6647D33 /* Pods_PowdermillsTests.framework */; };
		B4DCBD962559D7B30099D08A /* MapView.swift in Sources */ = {isa = PBXBuildFile; fileRef = B4DCBD952559D7B30099D08A /* MapView.swift */; };
		B4DCBD9E2559D7E80099D08A /* ParkMapView.swift in Sources */ = {isa = PBXBuildFile; fileRef = B4DCBD9D2559D7E80099D08A /* ParkMapView.swift */; };
		B4EA50C426066AB30016EF37 /* BuildingTests.swift in Sources */ = {isa = PBXBuildFile; fileRef = B4EA50C326066AB30016EF37 /* BuildingTests.swift */; };
		B4EA50C926066AD10016EF37 /* FSBuilding.swift in Sources */ = {isa = PBXBuildFile; fileRef = B4EA50C826066AD10016EF37 /* FSBuilding.swift */; };
		B4EA50CE26066FC70016EF37 /* FontExtensions.swift in Sources */ = {isa = PBXBuildFile; fileRef = B4EA50CD26066FC70016EF37 /* FontExtensions.swift */; };
		C23BA8DD2550A597002EE7F4 /* terms-and-conditions.txt in Resources */ = {isa = PBXBuildFile; fileRef = C23BA8DC2550A597002EE7F4 /* terms-and-conditions.txt */; };
		C2BF640F252A5D3F0033DDDD /* TermsAndConditionsView.swift in Sources */ = {isa = PBXBuildFile; fileRef = C2BF640E252A5D3F0033DDDD /* TermsAndConditionsView.swift */; };
		C2BF6419252A791C0033DDDD /* TermsAndConditionsText.swift in Sources */ = {isa = PBXBuildFile; fileRef = C2BF6418252A791C0033DDDD /* TermsAndConditionsText.swift */; };
/* End PBXBuildFile section */

/* Begin PBXContainerItemProxy section */
		B4275BC124FB924E00739741 /* PBXContainerItemProxy */ = {
			isa = PBXContainerItemProxy;
			containerPortal = B4275BA724FB924D00739741 /* Project object */;
			proxyType = 1;
			remoteGlobalIDString = B4275BAE24FB924D00739741;
			remoteInfo = Powdermills;
		};
		B4275BCC24FB924E00739741 /* PBXContainerItemProxy */ = {
			isa = PBXContainerItemProxy;
			containerPortal = B4275BA724FB924D00739741 /* Project object */;
			proxyType = 1;
			remoteGlobalIDString = B4275BAE24FB924D00739741;
			remoteInfo = Powdermills;
		};
/* End PBXContainerItemProxy section */

/* Begin PBXFileReference section */
		01C78CA0F4FDB67C226EB1D8 /* Pods-Powdermills.debug.xcconfig */ = {isa = PBXFileReference; includeInIndex = 1; lastKnownFileType = text.xcconfig; name = "Pods-Powdermills.debug.xcconfig"; path = "Target Support Files/Pods-Powdermills/Pods-Powdermills.debug.xcconfig"; sourceTree = "<group>"; };
		1BF24C9167A25251D2322E8E /* Pods_Powdermills.framework */ = {isa = PBXFileReference; explicitFileType = wrapper.framework; includeInIndex = 0; path = Pods_Powdermills.framework; sourceTree = BUILT_PRODUCTS_DIR; };
		6529B1828D42B208762D27EE /* Pods-Powdermills.release.xcconfig */ = {isa = PBXFileReference; includeInIndex = 1; lastKnownFileType = text.xcconfig; name = "Pods-Powdermills.release.xcconfig"; path = "Target Support Files/Pods-Powdermills/Pods-Powdermills.release.xcconfig"; sourceTree = "<group>"; };
		888A7CB8CCD4A86D01F2633B /* Pods-PowdermillsTests.release.xcconfig */ = {isa = PBXFileReference; includeInIndex = 1; lastKnownFileType = text.xcconfig; name = "Pods-PowdermillsTests.release.xcconfig"; path = "Target Support Files/Pods-PowdermillsTests/Pods-PowdermillsTests.release.xcconfig"; sourceTree = "<group>"; };
		9A37678B4D1BDB0C2A50C038 /* Pods-Powdermills-PowdermillsUITests.release.xcconfig */ = {isa = PBXFileReference; includeInIndex = 1; lastKnownFileType = text.xcconfig; name = "Pods-Powdermills-PowdermillsUITests.release.xcconfig"; path = "Target Support Files/Pods-Powdermills-PowdermillsUITests/Pods-Powdermills-PowdermillsUITests.release.xcconfig"; sourceTree = "<group>"; };
		B413DEE32607914B00EB8903 /* ParkMapViewModel.swift */ = {isa = PBXFileReference; lastKnownFileType = sourcecode.swift; path = ParkMapViewModel.swift; sourceTree = "<group>"; };
		B413DEEC2607998E00EB8903 /* BuildingListItemViewModel.swift */ = {isa = PBXFileReference; lastKnownFileType = sourcecode.swift; path = BuildingListItemViewModel.swift; sourceTree = "<group>"; };
		B413DEF1260799A200EB8903 /* BuildingListItemView.swift */ = {isa = PBXFileReference; lastKnownFileType = sourcecode.swift; path = BuildingListItemView.swift; sourceTree = "<group>"; };
		B418449A253CCE65008247B7 /* Colors.swift */ = {isa = PBXFileReference; lastKnownFileType = sourcecode.swift; path = Colors.swift; sourceTree = "<group>"; };
		B4245ACA26064A3400D1249D /* PMLogger.swift */ = {isa = PBXFileReference; lastKnownFileType = sourcecode.swift; path = PMLogger.swift; sourceTree = "<group>"; };
		B4275BAF24FB924D00739741 /* Powdermills.app */ = {isa = PBXFileReference; explicitFileType = wrapper.application; includeInIndex = 0; path = Powdermills.app; sourceTree = BUILT_PRODUCTS_DIR; };
		B4275BB224FB924D00739741 /* PowdermillsApp.swift */ = {isa = PBXFileReference; lastKnownFileType = sourcecode.swift; path = PowdermillsApp.swift; sourceTree = "<group>"; };
		B4275BB424FB924D00739741 /* ContentView.swift */ = {isa = PBXFileReference; lastKnownFileType = sourcecode.swift; path = ContentView.swift; sourceTree = "<group>"; };
		B4275BB624FB924E00739741 /* Assets.xcassets */ = {isa = PBXFileReference; lastKnownFileType = folder.assetcatalog; path = Assets.xcassets; sourceTree = "<group>"; };
		B4275BB924FB924E00739741 /* Preview Assets.xcassets */ = {isa = PBXFileReference; lastKnownFileType = folder.assetcatalog; path = "Preview Assets.xcassets"; sourceTree = "<group>"; };
		B4275BBB24FB924E00739741 /* Info.plist */ = {isa = PBXFileReference; lastKnownFileType = text.plist.xml; path = Info.plist; sourceTree = "<group>"; };
		B4275BC024FB924E00739741 /* PowdermillsTests.xctest */ = {isa = PBXFileReference; explicitFileType = wrapper.cfbundle; includeInIndex = 0; path = PowdermillsTests.xctest; sourceTree = BUILT_PRODUCTS_DIR; };
		B4275BC624FB924E00739741 /* Info.plist */ = {isa = PBXFileReference; lastKnownFileType = text.plist.xml; path = Info.plist; sourceTree = "<group>"; };
		B4275BCB24FB924E00739741 /* PowdermillsUITests.xctest */ = {isa = PBXFileReference; explicitFileType = wrapper.cfbundle; includeInIndex = 0; path = PowdermillsUITests.xctest; sourceTree = BUILT_PRODUCTS_DIR; };
		B4275BCF24FB924E00739741 /* PowdermillsUITests.swift */ = {isa = PBXFileReference; lastKnownFileType = sourcecode.swift; path = PowdermillsUITests.swift; sourceTree = "<group>"; };
		B4275BD124FB924E00739741 /* Info.plist */ = {isa = PBXFileReference; lastKnownFileType = text.plist.xml; path = Info.plist; sourceTree = "<group>"; };
		B445122E25D96F4C00B856A1 /* MapAnnotation.swift */ = {isa = PBXFileReference; lastKnownFileType = sourcecode.swift; path = MapAnnotation.swift; sourceTree = "<group>"; };
		B445123325D96F7400B856A1 /* MapAnnotationView.swift */ = {isa = PBXFileReference; lastKnownFileType = sourcecode.swift; path = MapAnnotationView.swift; sourceTree = "<group>"; };
		B445129825D98B9500B856A1 /* MapAnnotationController.swift */ = {isa = PBXFileReference; lastKnownFileType = sourcecode.swift; path = MapAnnotationController.swift; sourceTree = "<group>"; };
		B455787225C343CE00EDEC14 /* OpenSans-Regular.ttf */ = {isa = PBXFileReference; lastKnownFileType = file; path = "OpenSans-Regular.ttf"; sourceTree = "<group>"; };
		B455788F25C3445900EDEC14 /* OpenSans-SemiBold.ttf */ = {isa = PBXFileReference; lastKnownFileType = file; path = "OpenSans-SemiBold.ttf"; sourceTree = "<group>"; };
		B455789425C34A3B00EDEC14 /* BebasNeue Bold.ttf */ = {isa = PBXFileReference; lastKnownFileType = file; path = "BebasNeue Bold.ttf"; sourceTree = "<group>"; };
		B469D3F2250FDBBE00DA919C /* BuildingDetailsView.swift */ = {isa = PBXFileReference; lastKnownFileType = sourcecode.swift; path = BuildingDetailsView.swift; sourceTree = "<group>"; };
		B469D3F4250FDBCC00DA919C /* BuildingDetailsViewModel.swift */ = {isa = PBXFileReference; lastKnownFileType = sourcecode.swift; path = BuildingDetailsViewModel.swift; sourceTree = "<group>"; };
		B480817125BA23B600BDBB75 /* FirestoreController.swift */ = {isa = PBXFileReference; lastKnownFileType = sourcecode.swift; path = FirestoreController.swift; sourceTree = "<group>"; };
		B4A3929025FFDB12003FAAE4 /* LoadingView.swift */ = {isa = PBXFileReference; lastKnownFileType = sourcecode.swift; path = LoadingView.swift; sourceTree = "<group>"; };
		B4A3929825FFE039003FAAE4 /* loading.gif */ = {isa = PBXFileReference; lastKnownFileType = image.gif; name = loading.gif; path = ../../../../Downloads/loading.gif; sourceTree = "<group>"; };
		B4A98A5E250EC04C0087F3E8 /* BuildingListView.swift */ = {isa = PBXFileReference; lastKnownFileType = sourcecode.swift; path = BuildingListView.swift; sourceTree = "<group>"; };
		B4A98A60250EC0650087F3E8 /* BuildingListViewModel.swift */ = {isa = PBXFileReference; lastKnownFileType = sourcecode.swift; path = BuildingListViewModel.swift; sourceTree = "<group>"; };
		B4A98A63250EC0850087F3E8 /* JSONBuilding.swift */ = {isa = PBXFileReference; lastKnownFileType = sourcecode.swift; path = JSONBuilding.swift; sourceTree = "<group>"; };
		B4A98A65250EC1BC0087F3E8 /* buildings.json */ = {isa = PBXFileReference; fileEncoding = 4; lastKnownFileType = text.json; name = buildings.json; path = Assets.xcassets/buildings.json; sourceTree = "<group>"; };
		B4A98A67250EC2DB0087F3E8 /* BuildingListViewModelTests.swift */ = {isa = PBXFileReference; lastKnownFileType = sourcecode.swift; path = BuildingListViewModelTests.swift; sourceTree = "<group>"; };
		B4A98A69250EC5FC0087F3E8 /* BuildingRowView.swift */ = {isa = PBXFileReference; lastKnownFileType = sourcecode.swift; path = BuildingRowView.swift; sourceTree = "<group>"; };
		B4A98A6C250EC9910087F3E8 /* HomeView.swift */ = {isa = PBXFileReference; lastKnownFileType = sourcecode.swift; path = HomeView.swift; sourceTree = "<group>"; };
		B4A98A6E250EC9990087F3E8 /* HomeViewModel.swift */ = {isa = PBXFileReference; lastKnownFileType = sourcecode.swift; path = HomeViewModel.swift; sourceTree = "<group>"; };
		B4AE0EB5257EA47800ED1962 /* BuildingSubtitleView.swift */ = {isa = PBXFileReference; lastKnownFileType = sourcecode.swift; path = BuildingSubtitleView.swift; sourceTree = "<group>"; };
		B4AE4B5425BA123600D62BF0 /* GoogleService-Info.plist */ = {isa = PBXFileReference; lastKnownFileType = text.plist; path = "GoogleService-Info.plist"; sourceTree = SOURCE_ROOT; };
		B4DCBD952559D7B30099D08A /* MapView.swift */ = {isa = PBXFileReference; lastKnownFileType = sourcecode.swift; path = MapView.swift; sourceTree = "<group>"; };
		B4DCBD9D2559D7E80099D08A /* ParkMapView.swift */ = {isa = PBXFileReference; lastKnownFileType = sourcecode.swift; path = ParkMapView.swift; sourceTree = "<group>"; };
		B4EA50C326066AB30016EF37 /* BuildingTests.swift */ = {isa = PBXFileReference; lastKnownFileType = sourcecode.swift; path = BuildingTests.swift; sourceTree = "<group>"; };
		B4EA50C826066AD10016EF37 /* FSBuilding.swift */ = {isa = PBXFileReference; lastKnownFileType = sourcecode.swift; path = FSBuilding.swift; sourceTree = "<group>"; };
		B4EA50CD26066FC70016EF37 /* FontExtensions.swift */ = {isa = PBXFileReference; lastKnownFileType = sourcecode.swift; path = FontExtensions.swift; sourceTree = "<group>"; };
		B5EDAFAB896D4F7B51ABC99A /* Pods_Powdermills_PowdermillsUITests.framework */ = {isa = PBXFileReference; explicitFileType = wrapper.framework; includeInIndex = 0; path = Pods_Powdermills_PowdermillsUITests.framework; sourceTree = BUILT_PRODUCTS_DIR; };
		C23BA8DC2550A597002EE7F4 /* terms-and-conditions.txt */ = {isa = PBXFileReference; fileEncoding = 4; lastKnownFileType = text; path = "terms-and-conditions.txt"; sourceTree = "<group>"; };
		C2BF640E252A5D3F0033DDDD /* TermsAndConditionsView.swift */ = {isa = PBXFileReference; lastKnownFileType = sourcecode.swift; path = TermsAndConditionsView.swift; sourceTree = "<group>"; };
		C2BF6418252A791C0033DDDD /* TermsAndConditionsText.swift */ = {isa = PBXFileReference; lastKnownFileType = sourcecode.swift; path = TermsAndConditionsText.swift; sourceTree = "<group>"; };
		D1B9B598BDDDDA7A1D9499D7 /* Pods-Powdermills-PowdermillsUITests.debug.xcconfig */ = {isa = PBXFileReference; includeInIndex = 1; lastKnownFileType = text.xcconfig; name = "Pods-Powdermills-PowdermillsUITests.debug.xcconfig"; path = "Target Support Files/Pods-Powdermills-PowdermillsUITests/Pods-Powdermills-PowdermillsUITests.debug.xcconfig"; sourceTree = "<group>"; };
		D63E57E5F935C2380B4F7476 /* Pods-PowdermillsTests.debug.xcconfig */ = {isa = PBXFileReference; includeInIndex = 1; lastKnownFileType = text.xcconfig; name = "Pods-PowdermillsTests.debug.xcconfig"; path = "Target Support Files/Pods-PowdermillsTests/Pods-PowdermillsTests.debug.xcconfig"; sourceTree = "<group>"; };
		F1F4CD6FD790EF97C6647D33 /* Pods_PowdermillsTests.framework */ = {isa = PBXFileReference; explicitFileType = wrapper.framework; includeInIndex = 0; path = Pods_PowdermillsTests.framework; sourceTree = BUILT_PRODUCTS_DIR; };
/* End PBXFileReference section */

/* Begin PBXFrameworksBuildPhase section */
		B4275BAC24FB924D00739741 /* Frameworks */ = {
			isa = PBXFrameworksBuildPhase;
			buildActionMask = 2147483647;
			files = (
				79446276C6DD470E73526BC3 /* Pods_Powdermills.framework in Frameworks */,
			);
			runOnlyForDeploymentPostprocessing = 0;
		};
		B4275BBD24FB924E00739741 /* Frameworks */ = {
			isa = PBXFrameworksBuildPhase;
			buildActionMask = 2147483647;
			files = (
				B4C43D9E0002F5459E4E6C3F /* Pods_PowdermillsTests.framework in Frameworks */,
			);
			runOnlyForDeploymentPostprocessing = 0;
		};
		B4275BC824FB924E00739741 /* Frameworks */ = {
			isa = PBXFrameworksBuildPhase;
			buildActionMask = 2147483647;
			files = (
				14CAC3D500FBA48705574EB1 /* Pods_Powdermills_PowdermillsUITests.framework in Frameworks */,
			);
			runOnlyForDeploymentPostprocessing = 0;
		};
/* End PBXFrameworksBuildPhase section */

/* Begin PBXGroup section */
		A9D74BAB07AD7351E09B70A6 /* Frameworks */ = {
			isa = PBXGroup;
			children = (
				1BF24C9167A25251D2322E8E /* Pods_Powdermills.framework */,
				B5EDAFAB896D4F7B51ABC99A /* Pods_Powdermills_PowdermillsUITests.framework */,
				F1F4CD6FD790EF97C6647D33 /* Pods_PowdermillsTests.framework */,
			);
			name = Frameworks;
			sourceTree = "<group>";
		};
		B4275BA624FB924D00739741 = {
			isa = PBXGroup;
			children = (
				B4275BB124FB924D00739741 /* Powdermills */,
				B4275BC324FB924E00739741 /* PowdermillsTests */,
				B4275BCE24FB924E00739741 /* PowdermillsUITests */,
				B4275BB024FB924D00739741 /* Products */,
				CD4E200BD318DED0CA43D67B /* Pods */,
				A9D74BAB07AD7351E09B70A6 /* Frameworks */,
			);
			sourceTree = "<group>";
		};
		B4275BB024FB924D00739741 /* Products */ = {
			isa = PBXGroup;
			children = (
				B4275BAF24FB924D00739741 /* Powdermills.app */,
				B4275BC024FB924E00739741 /* PowdermillsTests.xctest */,
				B4275BCB24FB924E00739741 /* PowdermillsUITests.xctest */,
			);
			name = Products;
			sourceTree = "<group>";
		};
		B4275BB124FB924D00739741 /* Powdermills */ = {
			isa = PBXGroup;
			children = (
				B455787125C343BD00EDEC14 /* Fonts */,
				B480817025BA23A900BDBB75 /* Utils */,
				B4DCBD942559D7A70099D08A /* Map */,
				B469D3F1250FDBB000DA919C /* Details */,
				B4A98A6B250EC9790087F3E8 /* Navigation */,
				B4A98A62250EC0750087F3E8 /* Models */,
				C2BF63F7252A5CCB0033DDDD /* TermsAndConditions */,
				B4A98A5D250EC03F0087F3E8 /* List */,
				B4275BB224FB924D00739741 /* PowdermillsApp.swift */,
				B4275BB424FB924D00739741 /* ContentView.swift */,
				B4275BB624FB924E00739741 /* Assets.xcassets */,
				B4A3929825FFE039003FAAE4 /* loading.gif */,
				C23BA8DC2550A597002EE7F4 /* terms-and-conditions.txt */,
				B4A98A65250EC1BC0087F3E8 /* buildings.json */,
				B4275BBB24FB924E00739741 /* Info.plist */,
				B4AE4B5425BA123600D62BF0 /* GoogleService-Info.plist */,
				B4275BB824FB924E00739741 /* Preview Content */,
				B418449A253CCE65008247B7 /* Colors.swift */,
			);
			path = Powdermills;
			sourceTree = "<group>";
		};
		B4275BB824FB924E00739741 /* Preview Content */ = {
			isa = PBXGroup;
			children = (
				B4275BB924FB924E00739741 /* Preview Assets.xcassets */,
			);
			path = "Preview Content";
			sourceTree = "<group>";
		};
		B4275BC324FB924E00739741 /* PowdermillsTests */ = {
			isa = PBXGroup;
			children = (
				B4275BC624FB924E00739741 /* Info.plist */,
				B4A98A67250EC2DB0087F3E8 /* BuildingListViewModelTests.swift */,
				B4EA50C326066AB30016EF37 /* BuildingTests.swift */,
			);
			path = PowdermillsTests;
			sourceTree = "<group>";
		};
		B4275BCE24FB924E00739741 /* PowdermillsUITests */ = {
			isa = PBXGroup;
			children = (
				B4275BCF24FB924E00739741 /* PowdermillsUITests.swift */,
				B4275BD124FB924E00739741 /* Info.plist */,
			);
			path = PowdermillsUITests;
			sourceTree = "<group>";
		};
		B455787125C343BD00EDEC14 /* Fonts */ = {
			isa = PBXGroup;
			children = (
				B455789425C34A3B00EDEC14 /* BebasNeue Bold.ttf */,
				B455788F25C3445900EDEC14 /* OpenSans-SemiBold.ttf */,
				B455787225C343CE00EDEC14 /* OpenSans-Regular.ttf */,
				B4EA50CD26066FC70016EF37 /* FontExtensions.swift */,
			);
			path = Fonts;
			sourceTree = "<group>";
		};
		B469D3F1250FDBB000DA919C /* Details */ = {
			isa = PBXGroup;
			children = (
				B469D3F2250FDBBE00DA919C /* BuildingDetailsView.swift */,
				B469D3F4250FDBCC00DA919C /* BuildingDetailsViewModel.swift */,
				B4AE0EB5257EA47800ED1962 /* BuildingSubtitleView.swift */,
			);
			path = Details;
			sourceTree = "<group>";
		};
		B480817025BA23A900BDBB75 /* Utils */ = {
			isa = PBXGroup;
			children = (
				B480817125BA23B600BDBB75 /* FirestoreController.swift */,
				B4245ACA26064A3400D1249D /* PMLogger.swift */,
			);
			path = Utils;
			sourceTree = "<group>";
		};
		B4A3928F25FFDB07003FAAE4 /* Loading */ = {
			isa = PBXGroup;
			children = (
				B4A3929025FFDB12003FAAE4 /* LoadingView.swift */,
			);
			path = Loading;
			sourceTree = "<group>";
		};
		B4A98A5D250EC03F0087F3E8 /* List */ = {
			isa = PBXGroup;
			children = (
				B4A98A5E250EC04C0087F3E8 /* BuildingListView.swift */,
				B4A98A60250EC0650087F3E8 /* BuildingListViewModel.swift */,
				B4A98A69250EC5FC0087F3E8 /* BuildingRowView.swift */,
				B413DEEC2607998E00EB8903 /* BuildingListItemViewModel.swift */,
				B413DEF1260799A200EB8903 /* BuildingListItemView.swift */,
			);
			path = List;
			sourceTree = "<group>";
		};
		B4A98A62250EC0750087F3E8 /* Models */ = {
			isa = PBXGroup;
			children = (
				B4A98A63250EC0850087F3E8 /* JSONBuilding.swift */,
				B4EA50C826066AD10016EF37 /* FSBuilding.swift */,
			);
			path = Models;
			sourceTree = "<group>";
		};
		B4A98A6B250EC9790087F3E8 /* Navigation */ = {
			isa = PBXGroup;
			children = (
				B4A3928F25FFDB07003FAAE4 /* Loading */,
				B4A98A6C250EC9910087F3E8 /* HomeView.swift */,
				B4A98A6E250EC9990087F3E8 /* HomeViewModel.swift */,
			);
			path = Navigation;
			sourceTree = "<group>";
		};
		B4DCBD942559D7A70099D08A /* Map */ = {
			isa = PBXGroup;
			children = (
				B4DCBD952559D7B30099D08A /* MapView.swift */,
				B4DCBD9D2559D7E80099D08A /* ParkMapView.swift */,
				B413DEE32607914B00EB8903 /* ParkMapViewModel.swift */,
				B445122E25D96F4C00B856A1 /* MapAnnotation.swift */,
				B445123325D96F7400B856A1 /* MapAnnotationView.swift */,
				B445129825D98B9500B856A1 /* MapAnnotationController.swift */,
			);
			path = Map;
			sourceTree = "<group>";
		};
		C2BF63F7252A5CCB0033DDDD /* TermsAndConditions */ = {
			isa = PBXGroup;
			children = (
				C2BF640E252A5D3F0033DDDD /* TermsAndConditionsView.swift */,
				C2BF6418252A791C0033DDDD /* TermsAndConditionsText.swift */,
			);
			path = TermsAndConditions;
			sourceTree = "<group>";
		};
		CD4E200BD318DED0CA43D67B /* Pods */ = {
			isa = PBXGroup;
			children = (
				01C78CA0F4FDB67C226EB1D8 /* Pods-Powdermills.debug.xcconfig */,
				6529B1828D42B208762D27EE /* Pods-Powdermills.release.xcconfig */,
				D1B9B598BDDDDA7A1D9499D7 /* Pods-Powdermills-PowdermillsUITests.debug.xcconfig */,
				9A37678B4D1BDB0C2A50C038 /* Pods-Powdermills-PowdermillsUITests.release.xcconfig */,
				D63E57E5F935C2380B4F7476 /* Pods-PowdermillsTests.debug.xcconfig */,
				888A7CB8CCD4A86D01F2633B /* Pods-PowdermillsTests.release.xcconfig */,
			);
			path = Pods;
			sourceTree = "<group>";
		};
/* End PBXGroup section */

/* Begin PBXNativeTarget section */
		B4275BAE24FB924D00739741 /* Powdermills */ = {
			isa = PBXNativeTarget;
			buildConfigurationList = B4275BD424FB924E00739741 /* Build configuration list for PBXNativeTarget "Powdermills" */;
			buildPhases = (
				126E91C9AA6643C34BFE4E7C /* [CP] Check Pods Manifest.lock */,
				B4275BAB24FB924D00739741 /* Sources */,
				B4275BAC24FB924D00739741 /* Frameworks */,
				B4275BAD24FB924D00739741 /* Resources */,
				98BC6A947D4CACF0740B1F37 /* [CP] Embed Pods Frameworks */,
			);
			buildRules = (
			);
			dependencies = (
			);
			name = Powdermills;
			productName = Powdermills;
			productReference = B4275BAF24FB924D00739741 /* Powdermills.app */;
			productType = "com.apple.product-type.application";
		};
		B4275BBF24FB924E00739741 /* PowdermillsTests */ = {
			isa = PBXNativeTarget;
			buildConfigurationList = B4275BD724FB924E00739741 /* Build configuration list for PBXNativeTarget "PowdermillsTests" */;
			buildPhases = (
				AA9AF4569D967ACF26B17665 /* [CP] Check Pods Manifest.lock */,
				B4275BBC24FB924E00739741 /* Sources */,
				B4275BBD24FB924E00739741 /* Frameworks */,
				B4275BBE24FB924E00739741 /* Resources */,
			);
			buildRules = (
			);
			dependencies = (
				B4275BC224FB924E00739741 /* PBXTargetDependency */,
			);
			name = PowdermillsTests;
			productName = PowdermillsTests;
			productReference = B4275BC024FB924E00739741 /* PowdermillsTests.xctest */;
			productType = "com.apple.product-type.bundle.unit-test";
		};
		B4275BCA24FB924E00739741 /* PowdermillsUITests */ = {
			isa = PBXNativeTarget;
			buildConfigurationList = B4275BDA24FB924E00739741 /* Build configuration list for PBXNativeTarget "PowdermillsUITests" */;
			buildPhases = (
				94AE0690EF16A576CBF1C63C /* [CP] Check Pods Manifest.lock */,
				B4275BC724FB924E00739741 /* Sources */,
				B4275BC824FB924E00739741 /* Frameworks */,
				B4275BC924FB924E00739741 /* Resources */,
				EFF27DD4C585DF00B699809A /* [CP] Embed Pods Frameworks */,
			);
			buildRules = (
			);
			dependencies = (
				B4275BCD24FB924E00739741 /* PBXTargetDependency */,
			);
			name = PowdermillsUITests;
			productName = PowdermillsUITests;
			productReference = B4275BCB24FB924E00739741 /* PowdermillsUITests.xctest */;
			productType = "com.apple.product-type.bundle.ui-testing";
		};
/* End PBXNativeTarget section */

/* Begin PBXProject section */
		B4275BA724FB924D00739741 /* Project object */ = {
			isa = PBXProject;
			attributes = {
				LastSwiftUpdateCheck = 1200;
				LastUpgradeCheck = 1200;
				TargetAttributes = {
					B4275BAE24FB924D00739741 = {
						CreatedOnToolsVersion = 12.0;
					};
					B4275BBF24FB924E00739741 = {
						CreatedOnToolsVersion = 12.0;
						TestTargetID = B4275BAE24FB924D00739741;
					};
					B4275BCA24FB924E00739741 = {
						CreatedOnToolsVersion = 12.0;
						TestTargetID = B4275BAE24FB924D00739741;
					};
				};
			};
			buildConfigurationList = B4275BAA24FB924D00739741 /* Build configuration list for PBXProject "Powdermills" */;
			compatibilityVersion = "Xcode 9.3";
			developmentRegion = en;
			hasScannedForEncodings = 0;
			knownRegions = (
				en,
				Base,
			);
			mainGroup = B4275BA624FB924D00739741;
			productRefGroup = B4275BB024FB924D00739741 /* Products */;
			projectDirPath = "";
			projectRoot = "";
			targets = (
				B4275BAE24FB924D00739741 /* Powdermills */,
				B4275BBF24FB924E00739741 /* PowdermillsTests */,
				B4275BCA24FB924E00739741 /* PowdermillsUITests */,
			);
		};
/* End PBXProject section */

/* Begin PBXResourcesBuildPhase section */
		B4275BAD24FB924D00739741 /* Resources */ = {
			isa = PBXResourcesBuildPhase;
			buildActionMask = 2147483647;
			files = (
				C23BA8DD2550A597002EE7F4 /* terms-and-conditions.txt in Resources */,
				B455789525C34A3B00EDEC14 /* BebasNeue Bold.ttf in Resources */,
				B4275BBA24FB924E00739741 /* Preview Assets.xcassets in Resources */,
				B455789025C3445900EDEC14 /* OpenSans-SemiBold.ttf in Resources */,
				B4AE4B5525BA123600D62BF0 /* GoogleService-Info.plist in Resources */,
				B4A98A66250EC1BC0087F3E8 /* buildings.json in Resources */,
				B4A3929925FFE039003FAAE4 /* loading.gif in Resources */,
				B455787325C343CE00EDEC14 /* OpenSans-Regular.ttf in Resources */,
				B4275BB724FB924E00739741 /* Assets.xcassets in Resources */,
			);
			runOnlyForDeploymentPostprocessing = 0;
		};
		B4275BBE24FB924E00739741 /* Resources */ = {
			isa = PBXResourcesBuildPhase;
			buildActionMask = 2147483647;
			files = (
			);
			runOnlyForDeploymentPostprocessing = 0;
		};
		B4275BC924FB924E00739741 /* Resources */ = {
			isa = PBXResourcesBuildPhase;
			buildActionMask = 2147483647;
			files = (
			);
			runOnlyForDeploymentPostprocessing = 0;
		};
/* End PBXResourcesBuildPhase section */

/* Begin PBXShellScriptBuildPhase section */
		126E91C9AA6643C34BFE4E7C /* [CP] Check Pods Manifest.lock */ = {
			isa = PBXShellScriptBuildPhase;
			buildActionMask = 2147483647;
			files = (
			);
			inputFileListPaths = (
			);
			inputPaths = (
				"${PODS_PODFILE_DIR_PATH}/Podfile.lock",
				"${PODS_ROOT}/Manifest.lock",
			);
			name = "[CP] Check Pods Manifest.lock";
			outputFileListPaths = (
			);
			outputPaths = (
				"$(DERIVED_FILE_DIR)/Pods-Powdermills-checkManifestLockResult.txt",
			);
			runOnlyForDeploymentPostprocessing = 0;
			shellPath = /bin/sh;
			shellScript = "diff \"${PODS_PODFILE_DIR_PATH}/Podfile.lock\" \"${PODS_ROOT}/Manifest.lock\" > /dev/null\nif [ $? != 0 ] ; then\n    # print error to STDERR\n    echo \"error: The sandbox is not in sync with the Podfile.lock. Run 'pod install' or update your CocoaPods installation.\" >&2\n    exit 1\nfi\n# This output is used by Xcode 'outputs' to avoid re-running this script phase.\necho \"SUCCESS\" > \"${SCRIPT_OUTPUT_FILE_0}\"\n";
			showEnvVarsInLog = 0;
		};
		94AE0690EF16A576CBF1C63C /* [CP] Check Pods Manifest.lock */ = {
			isa = PBXShellScriptBuildPhase;
			buildActionMask = 2147483647;
			files = (
			);
			inputFileListPaths = (
			);
			inputPaths = (
				"${PODS_PODFILE_DIR_PATH}/Podfile.lock",
				"${PODS_ROOT}/Manifest.lock",
			);
			name = "[CP] Check Pods Manifest.lock";
			outputFileListPaths = (
			);
			outputPaths = (
				"$(DERIVED_FILE_DIR)/Pods-Powdermills-PowdermillsUITests-checkManifestLockResult.txt",
			);
			runOnlyForDeploymentPostprocessing = 0;
			shellPath = /bin/sh;
			shellScript = "diff \"${PODS_PODFILE_DIR_PATH}/Podfile.lock\" \"${PODS_ROOT}/Manifest.lock\" > /dev/null\nif [ $? != 0 ] ; then\n    # print error to STDERR\n    echo \"error: The sandbox is not in sync with the Podfile.lock. Run 'pod install' or update your CocoaPods installation.\" >&2\n    exit 1\nfi\n# This output is used by Xcode 'outputs' to avoid re-running this script phase.\necho \"SUCCESS\" > \"${SCRIPT_OUTPUT_FILE_0}\"\n";
			showEnvVarsInLog = 0;
		};
		98BC6A947D4CACF0740B1F37 /* [CP] Embed Pods Frameworks */ = {
			isa = PBXShellScriptBuildPhase;
			buildActionMask = 2147483647;
			files = (
			);
			inputFileListPaths = (
				"${PODS_ROOT}/Target Support Files/Pods-Powdermills/Pods-Powdermills-frameworks-${CONFIGURATION}-input-files.xcfilelist",
			);
			name = "[CP] Embed Pods Frameworks";
			outputFileListPaths = (
				"${PODS_ROOT}/Target Support Files/Pods-Powdermills/Pods-Powdermills-frameworks-${CONFIGURATION}-output-files.xcfilelist",
			);
			runOnlyForDeploymentPostprocessing = 0;
			shellPath = /bin/sh;
			shellScript = "\"${PODS_ROOT}/Target Support Files/Pods-Powdermills/Pods-Powdermills-frameworks.sh\"\n";
			showEnvVarsInLog = 0;
		};
		AA9AF4569D967ACF26B17665 /* [CP] Check Pods Manifest.lock */ = {
			isa = PBXShellScriptBuildPhase;
			buildActionMask = 2147483647;
			files = (
			);
			inputFileListPaths = (
			);
			inputPaths = (
				"${PODS_PODFILE_DIR_PATH}/Podfile.lock",
				"${PODS_ROOT}/Manifest.lock",
			);
			name = "[CP] Check Pods Manifest.lock";
			outputFileListPaths = (
			);
			outputPaths = (
				"$(DERIVED_FILE_DIR)/Pods-PowdermillsTests-checkManifestLockResult.txt",
			);
			runOnlyForDeploymentPostprocessing = 0;
			shellPath = /bin/sh;
			shellScript = "diff \"${PODS_PODFILE_DIR_PATH}/Podfile.lock\" \"${PODS_ROOT}/Manifest.lock\" > /dev/null\nif [ $? != 0 ] ; then\n    # print error to STDERR\n    echo \"error: The sandbox is not in sync with the Podfile.lock. Run 'pod install' or update your CocoaPods installation.\" >&2\n    exit 1\nfi\n# This output is used by Xcode 'outputs' to avoid re-running this script phase.\necho \"SUCCESS\" > \"${SCRIPT_OUTPUT_FILE_0}\"\n";
			showEnvVarsInLog = 0;
		};
		EFF27DD4C585DF00B699809A /* [CP] Embed Pods Frameworks */ = {
			isa = PBXShellScriptBuildPhase;
			buildActionMask = 2147483647;
			files = (
			);
			inputFileListPaths = (
				"${PODS_ROOT}/Target Support Files/Pods-Powdermills-PowdermillsUITests/Pods-Powdermills-PowdermillsUITests-frameworks-${CONFIGURATION}-input-files.xcfilelist",
			);
			name = "[CP] Embed Pods Frameworks";
			outputFileListPaths = (
				"${PODS_ROOT}/Target Support Files/Pods-Powdermills-PowdermillsUITests/Pods-Powdermills-PowdermillsUITests-frameworks-${CONFIGURATION}-output-files.xcfilelist",
			);
			runOnlyForDeploymentPostprocessing = 0;
			shellPath = /bin/sh;
			shellScript = "\"${PODS_ROOT}/Target Support Files/Pods-Powdermills-PowdermillsUITests/Pods-Powdermills-PowdermillsUITests-frameworks.sh\"\n";
			showEnvVarsInLog = 0;
		};
/* End PBXShellScriptBuildPhase section */

/* Begin PBXSourcesBuildPhase section */
		B4275BAB24FB924D00739741 /* Sources */ = {
			isa = PBXSourcesBuildPhase;
			buildActionMask = 2147483647;
			files = (
				B4A98A61250EC0650087F3E8 /* BuildingListViewModel.swift in Sources */,
				B4245ACB26064A3400D1249D /* PMLogger.swift in Sources */,
				B469D3F5250FDBCC00DA919C /* BuildingDetailsViewModel.swift in Sources */,
				C2BF640F252A5D3F0033DDDD /* TermsAndConditionsView.swift in Sources */,
				B4A98A6D250EC9910087F3E8 /* HomeView.swift in Sources */,
				B4DCBD962559D7B30099D08A /* MapView.swift in Sources */,
				B4A3929125FFDB12003FAAE4 /* LoadingView.swift in Sources */,
				B4DCBD9E2559D7E80099D08A /* ParkMapView.swift in Sources */,
				B4A98A6A250EC5FC0087F3E8 /* BuildingRowView.swift in Sources */,
				B469D3F3250FDBBE00DA919C /* BuildingDetailsView.swift in Sources */,
				B413DEF2260799A200EB8903 /* BuildingListItemView.swift in Sources */,
				B413DEE42607914B00EB8903 /* ParkMapViewModel.swift in Sources */,
				B4A98A6F250EC9990087F3E8 /* HomeViewModel.swift in Sources */,
				B4275BB524FB924D00739741 /* ContentView.swift in Sources */,
				B4AE0EB6257EA47800ED1962 /* BuildingSubtitleView.swift in Sources */,
				B445122F25D96F4C00B856A1 /* MapAnnotation.swift in Sources */,
				B4EA50CE26066FC70016EF37 /* FontExtensions.swift in Sources */,
				B418449B253CCE65008247B7 /* Colors.swift in Sources */,
				C2BF6419252A791C0033DDDD /* TermsAndConditionsText.swift in Sources */,
				B4A98A64250EC0850087F3E8 /* JSONBuilding.swift in Sources */,
				B480817225BA23B600BDBB75 /* FirestoreController.swift in Sources */,
				B4A98A5F250EC04C0087F3E8 /* BuildingListView.swift in Sources */,
				B413DEED2607998E00EB8903 /* BuildingListItemViewModel.swift in Sources */,
				B4EA50C926066AD10016EF37 /* FSBuilding.swift in Sources */,
				B445129925D98B9500B856A1 /* MapAnnotationController.swift in Sources */,
				B4275BB324FB924D00739741 /* PowdermillsApp.swift in Sources */,
				B445123425D96F7400B856A1 /* MapAnnotationView.swift in Sources */,
			);
			runOnlyForDeploymentPostprocessing = 0;
		};
		B4275BBC24FB924E00739741 /* Sources */ = {
			isa = PBXSourcesBuildPhase;
			buildActionMask = 2147483647;
			files = (
				B4EA50C426066AB30016EF37 /* BuildingTests.swift in Sources */,
				B4A98A68250EC2DB0087F3E8 /* BuildingListViewModelTests.swift in Sources */,
			);
			runOnlyForDeploymentPostprocessing = 0;
		};
		B4275BC724FB924E00739741 /* Sources */ = {
			isa = PBXSourcesBuildPhase;
			buildActionMask = 2147483647;
			files = (
				B4275BD024FB924E00739741 /* PowdermillsUITests.swift in Sources */,
			);
			runOnlyForDeploymentPostprocessing = 0;
		};
/* End PBXSourcesBuildPhase section */

/* Begin PBXTargetDependency section */
		B4275BC224FB924E00739741 /* PBXTargetDependency */ = {
			isa = PBXTargetDependency;
			target = B4275BAE24FB924D00739741 /* Powdermills */;
			targetProxy = B4275BC124FB924E00739741 /* PBXContainerItemProxy */;
		};
		B4275BCD24FB924E00739741 /* PBXTargetDependency */ = {
			isa = PBXTargetDependency;
			target = B4275BAE24FB924D00739741 /* Powdermills */;
			targetProxy = B4275BCC24FB924E00739741 /* PBXContainerItemProxy */;
		};
/* End PBXTargetDependency section */

/* Begin XCBuildConfiguration section */
		B4275BD224FB924E00739741 /* Debug */ = {
			isa = XCBuildConfiguration;
			buildSettings = {
				ALWAYS_SEARCH_USER_PATHS = NO;
				CLANG_ANALYZER_NONNULL = YES;
				CLANG_ANALYZER_NUMBER_OBJECT_CONVERSION = YES_AGGRESSIVE;
				CLANG_CXX_LANGUAGE_STANDARD = "gnu++14";
				CLANG_CXX_LIBRARY = "libc++";
				CLANG_ENABLE_MODULES = YES;
				CLANG_ENABLE_OBJC_ARC = YES;
				CLANG_ENABLE_OBJC_WEAK = YES;
				CLANG_WARN_BLOCK_CAPTURE_AUTORELEASING = YES;
				CLANG_WARN_BOOL_CONVERSION = YES;
				CLANG_WARN_COMMA = YES;
				CLANG_WARN_CONSTANT_CONVERSION = YES;
				CLANG_WARN_DEPRECATED_OBJC_IMPLEMENTATIONS = YES;
				CLANG_WARN_DIRECT_OBJC_ISA_USAGE = YES_ERROR;
				CLANG_WARN_DOCUMENTATION_COMMENTS = YES;
				CLANG_WARN_EMPTY_BODY = YES;
				CLANG_WARN_ENUM_CONVERSION = YES;
				CLANG_WARN_INFINITE_RECURSION = YES;
				CLANG_WARN_INT_CONVERSION = YES;
				CLANG_WARN_NON_LITERAL_NULL_CONVERSION = YES;
				CLANG_WARN_OBJC_IMPLICIT_RETAIN_SELF = YES;
				CLANG_WARN_OBJC_LITERAL_CONVERSION = YES;
				CLANG_WARN_OBJC_ROOT_CLASS = YES_ERROR;
				CLANG_WARN_QUOTED_INCLUDE_IN_FRAMEWORK_HEADER = YES;
				CLANG_WARN_RANGE_LOOP_ANALYSIS = YES;
				CLANG_WARN_STRICT_PROTOTYPES = YES;
				CLANG_WARN_SUSPICIOUS_MOVE = YES;
				CLANG_WARN_UNGUARDED_AVAILABILITY = YES_AGGRESSIVE;
				CLANG_WARN_UNREACHABLE_CODE = YES;
				CLANG_WARN__DUPLICATE_METHOD_MATCH = YES;
				COPY_PHASE_STRIP = NO;
				DEBUG_INFORMATION_FORMAT = dwarf;
				ENABLE_STRICT_OBJC_MSGSEND = YES;
				ENABLE_TESTABILITY = YES;
				GCC_C_LANGUAGE_STANDARD = gnu11;
				GCC_DYNAMIC_NO_PIC = NO;
				GCC_NO_COMMON_BLOCKS = YES;
				GCC_OPTIMIZATION_LEVEL = 0;
				GCC_PREPROCESSOR_DEFINITIONS = (
					"DEBUG=1",
					"$(inherited)",
				);
				GCC_WARN_64_TO_32_BIT_CONVERSION = YES;
				GCC_WARN_ABOUT_RETURN_TYPE = YES_ERROR;
				GCC_WARN_UNDECLARED_SELECTOR = YES;
				GCC_WARN_UNINITIALIZED_AUTOS = YES_AGGRESSIVE;
				GCC_WARN_UNUSED_FUNCTION = YES;
				GCC_WARN_UNUSED_VARIABLE = YES;
				IPHONEOS_DEPLOYMENT_TARGET = 14.1;
				MTL_ENABLE_DEBUG_INFO = INCLUDE_SOURCE;
				MTL_FAST_MATH = YES;
				ONLY_ACTIVE_ARCH = YES;
				SDKROOT = iphoneos;
				SWIFT_ACTIVE_COMPILATION_CONDITIONS = DEBUG;
				SWIFT_OPTIMIZATION_LEVEL = "-Onone";
			};
			name = Debug;
		};
		B4275BD324FB924E00739741 /* Release */ = {
			isa = XCBuildConfiguration;
			buildSettings = {
				ALWAYS_SEARCH_USER_PATHS = NO;
				CLANG_ANALYZER_NONNULL = YES;
				CLANG_ANALYZER_NUMBER_OBJECT_CONVERSION = YES_AGGRESSIVE;
				CLANG_CXX_LANGUAGE_STANDARD = "gnu++14";
				CLANG_CXX_LIBRARY = "libc++";
				CLANG_ENABLE_MODULES = YES;
				CLANG_ENABLE_OBJC_ARC = YES;
				CLANG_ENABLE_OBJC_WEAK = YES;
				CLANG_WARN_BLOCK_CAPTURE_AUTORELEASING = YES;
				CLANG_WARN_BOOL_CONVERSION = YES;
				CLANG_WARN_COMMA = YES;
				CLANG_WARN_CONSTANT_CONVERSION = YES;
				CLANG_WARN_DEPRECATED_OBJC_IMPLEMENTATIONS = YES;
				CLANG_WARN_DIRECT_OBJC_ISA_USAGE = YES_ERROR;
				CLANG_WARN_DOCUMENTATION_COMMENTS = YES;
				CLANG_WARN_EMPTY_BODY = YES;
				CLANG_WARN_ENUM_CONVERSION = YES;
				CLANG_WARN_INFINITE_RECURSION = YES;
				CLANG_WARN_INT_CONVERSION = YES;
				CLANG_WARN_NON_LITERAL_NULL_CONVERSION = YES;
				CLANG_WARN_OBJC_IMPLICIT_RETAIN_SELF = YES;
				CLANG_WARN_OBJC_LITERAL_CONVERSION = YES;
				CLANG_WARN_OBJC_ROOT_CLASS = YES_ERROR;
				CLANG_WARN_QUOTED_INCLUDE_IN_FRAMEWORK_HEADER = YES;
				CLANG_WARN_RANGE_LOOP_ANALYSIS = YES;
				CLANG_WARN_STRICT_PROTOTYPES = YES;
				CLANG_WARN_SUSPICIOUS_MOVE = YES;
				CLANG_WARN_UNGUARDED_AVAILABILITY = YES_AGGRESSIVE;
				CLANG_WARN_UNREACHABLE_CODE = YES;
				CLANG_WARN__DUPLICATE_METHOD_MATCH = YES;
				COPY_PHASE_STRIP = NO;
				DEBUG_INFORMATION_FORMAT = "dwarf-with-dsym";
				ENABLE_NS_ASSERTIONS = NO;
				ENABLE_STRICT_OBJC_MSGSEND = YES;
				GCC_C_LANGUAGE_STANDARD = gnu11;
				GCC_NO_COMMON_BLOCKS = YES;
				GCC_WARN_64_TO_32_BIT_CONVERSION = YES;
				GCC_WARN_ABOUT_RETURN_TYPE = YES_ERROR;
				GCC_WARN_UNDECLARED_SELECTOR = YES;
				GCC_WARN_UNINITIALIZED_AUTOS = YES_AGGRESSIVE;
				GCC_WARN_UNUSED_FUNCTION = YES;
				GCC_WARN_UNUSED_VARIABLE = YES;
				IPHONEOS_DEPLOYMENT_TARGET = 14.1;
				MTL_ENABLE_DEBUG_INFO = NO;
				MTL_FAST_MATH = YES;
				SDKROOT = iphoneos;
				SWIFT_COMPILATION_MODE = wholemodule;
				SWIFT_OPTIMIZATION_LEVEL = "-O";
				VALIDATE_PRODUCT = YES;
			};
			name = Release;
		};
		B4275BD524FB924E00739741 /* Debug */ = {
			isa = XCBuildConfiguration;
			baseConfigurationReference = 01C78CA0F4FDB67C226EB1D8 /* Pods-Powdermills.debug.xcconfig */;
			buildSettings = {
				ASSETCATALOG_COMPILER_APPICON_NAME = AppIcon;
				ASSETCATALOG_COMPILER_GLOBAL_ACCENT_COLOR_NAME = AccentColor;
				CODE_SIGN_STYLE = Automatic;
				DEVELOPMENT_ASSET_PATHS = "\"Powdermills/Preview Content\"";
				DEVELOPMENT_TEAM = 46K9FG5ZG8;
				ENABLE_PREVIEWS = YES;
				INFOPLIST_FILE = Powdermills/Info.plist;
				IPHONEOS_DEPLOYMENT_TARGET = 14.1;
				LD_RUNPATH_SEARCH_PATHS = (
					"$(inherited)",
					"@executable_path/Frameworks",
				);
				MARKETING_VERSION = 1.0.0;
				PRODUCT_BUNDLE_IDENTIFIER = com.bpm.powdermills.Powdermills;
				PRODUCT_NAME = "$(TARGET_NAME)";
				SWIFT_VERSION = 5.0;
				TARGETED_DEVICE_FAMILY = "1,2";
			};
			name = Debug;
		};
		B4275BD624FB924E00739741 /* Release */ = {
			isa = XCBuildConfiguration;
			baseConfigurationReference = 6529B1828D42B208762D27EE /* Pods-Powdermills.release.xcconfig */;
			buildSettings = {
				ASSETCATALOG_COMPILER_APPICON_NAME = AppIcon;
				ASSETCATALOG_COMPILER_GLOBAL_ACCENT_COLOR_NAME = AccentColor;
				CODE_SIGN_STYLE = Automatic;
				DEVELOPMENT_ASSET_PATHS = "\"Powdermills/Preview Content\"";
				DEVELOPMENT_TEAM = 46K9FG5ZG8;
				ENABLE_PREVIEWS = YES;
				INFOPLIST_FILE = Powdermills/Info.plist;
				IPHONEOS_DEPLOYMENT_TARGET = 14.1;
				LD_RUNPATH_SEARCH_PATHS = (
					"$(inherited)",
					"@executable_path/Frameworks",
				);
				MARKETING_VERSION = 1.0.0;
				PRODUCT_BUNDLE_IDENTIFIER = com.bpm.powdermills.Powdermills;
				PRODUCT_NAME = "$(TARGET_NAME)";
				SWIFT_VERSION = 5.0;
				TARGETED_DEVICE_FAMILY = "1,2";
			};
			name = Release;
		};
		B4275BD824FB924E00739741 /* Debug */ = {
			isa = XCBuildConfiguration;
			baseConfigurationReference = D63E57E5F935C2380B4F7476 /* Pods-PowdermillsTests.debug.xcconfig */;
			buildSettings = {
				ALWAYS_EMBED_SWIFT_STANDARD_LIBRARIES = YES;
				BUNDLE_LOADER = "$(TEST_HOST)";
				CODE_SIGN_STYLE = Automatic;
				DEVELOPMENT_TEAM = 46K9FG5ZG8;
				INFOPLIST_FILE = PowdermillsTests/Info.plist;
				IPHONEOS_DEPLOYMENT_TARGET = 14.1;
				LD_RUNPATH_SEARCH_PATHS = (
					"$(inherited)",
					"@executable_path/Frameworks",
					"@loader_path/Frameworks",
				);
				PRODUCT_BUNDLE_IDENTIFIER = com.bpm.powdermills.PowdermillsTests;
				PRODUCT_NAME = "$(TARGET_NAME)";
				SWIFT_VERSION = 5.0;
				TARGETED_DEVICE_FAMILY = "1,2";
				TEST_HOST = "$(BUILT_PRODUCTS_DIR)/Powdermills.app/Powdermills";
			};
			name = Debug;
		};
		B4275BD924FB924E00739741 /* Release */ = {
			isa = XCBuildConfiguration;
			baseConfigurationReference = 888A7CB8CCD4A86D01F2633B /* Pods-PowdermillsTests.release.xcconfig */;
			buildSettings = {
				ALWAYS_EMBED_SWIFT_STANDARD_LIBRARIES = YES;
				BUNDLE_LOADER = "$(TEST_HOST)";
				CODE_SIGN_STYLE = Automatic;
				DEVELOPMENT_TEAM = 46K9FG5ZG8;
				INFOPLIST_FILE = PowdermillsTests/Info.plist;
				IPHONEOS_DEPLOYMENT_TARGET = 14.1;
				LD_RUNPATH_SEARCH_PATHS = (
					"$(inherited)",
					"@executable_path/Frameworks",
					"@loader_path/Frameworks",
				);
				PRODUCT_BUNDLE_IDENTIFIER = com.bpm.powdermills.PowdermillsTests;
				PRODUCT_NAME = "$(TARGET_NAME)";
				SWIFT_VERSION = 5.0;
				TARGETED_DEVICE_FAMILY = "1,2";
				TEST_HOST = "$(BUILT_PRODUCTS_DIR)/Powdermills.app/Powdermills";
			};
			name = Release;
		};
		B4275BDB24FB924E00739741 /* Debug */ = {
			isa = XCBuildConfiguration;
			baseConfigurationReference = D1B9B598BDDDDA7A1D9499D7 /* Pods-Powdermills-PowdermillsUITests.debug.xcconfig */;
			buildSettings = {
				ALWAYS_EMBED_SWIFT_STANDARD_LIBRARIES = YES;
				CODE_SIGN_STYLE = Automatic;
				DEVELOPMENT_TEAM = 46K9FG5ZG8;
				INFOPLIST_FILE = PowdermillsUITests/Info.plist;
				LD_RUNPATH_SEARCH_PATHS = (
					"$(inherited)",
					"@executable_path/Frameworks",
					"@loader_path/Frameworks",
				);
				PRODUCT_BUNDLE_IDENTIFIER = com.bpm.powdermills.PowdermillsUITests;
				PRODUCT_NAME = "$(TARGET_NAME)";
				SWIFT_VERSION = 5.0;
				TARGETED_DEVICE_FAMILY = "1,2";
				TEST_TARGET_NAME = Powdermills;
			};
			name = Debug;
		};
		B4275BDC24FB924E00739741 /* Release */ = {
			isa = XCBuildConfiguration;
			baseConfigurationReference = 9A37678B4D1BDB0C2A50C038 /* Pods-Powdermills-PowdermillsUITests.release.xcconfig */;
			buildSettings = {
				ALWAYS_EMBED_SWIFT_STANDARD_LIBRARIES = YES;
				CODE_SIGN_STYLE = Automatic;
				DEVELOPMENT_TEAM = 46K9FG5ZG8;
				INFOPLIST_FILE = PowdermillsUITests/Info.plist;
				LD_RUNPATH_SEARCH_PATHS = (
					"$(inherited)",
					"@executable_path/Frameworks",
					"@loader_path/Frameworks",
				);
				PRODUCT_BUNDLE_IDENTIFIER = com.bpm.powdermills.PowdermillsUITests;
				PRODUCT_NAME = "$(TARGET_NAME)";
				SWIFT_VERSION = 5.0;
				TARGETED_DEVICE_FAMILY = "1,2";
				TEST_TARGET_NAME = Powdermills;
			};
			name = Release;
		};
/* End XCBuildConfiguration section */

/* Begin XCConfigurationList section */
		B4275BAA24FB924D00739741 /* Build configuration list for PBXProject "Powdermills" */ = {
			isa = XCConfigurationList;
			buildConfigurations = (
				B4275BD224FB924E00739741 /* Debug */,
				B4275BD324FB924E00739741 /* Release */,
			);
			defaultConfigurationIsVisible = 0;
			defaultConfigurationName = Release;
		};
		B4275BD424FB924E00739741 /* Build configuration list for PBXNativeTarget "Powdermills" */ = {
			isa = XCConfigurationList;
			buildConfigurations = (
				B4275BD524FB924E00739741 /* Debug */,
				B4275BD624FB924E00739741 /* Release */,
			);
			defaultConfigurationIsVisible = 0;
			defaultConfigurationName = Release;
		};
		B4275BD724FB924E00739741 /* Build configuration list for PBXNativeTarget "PowdermillsTests" */ = {
			isa = XCConfigurationList;
			buildConfigurations = (
				B4275BD824FB924E00739741 /* Debug */,
				B4275BD924FB924E00739741 /* Release */,
			);
			defaultConfigurationIsVisible = 0;
			defaultConfigurationName = Release;
		};
		B4275BDA24FB924E00739741 /* Build configuration list for PBXNativeTarget "PowdermillsUITests" */ = {
			isa = XCConfigurationList;
			buildConfigurations = (
				B4275BDB24FB924E00739741 /* Debug */,
				B4275BDC24FB924E00739741 /* Release */,
			);
			defaultConfigurationIsVisible = 0;
			defaultConfigurationName = Release;
		};
/* End XCConfigurationList section */
	};
	rootObject = B4275BA724FB924D00739741 /* Project object */;
}
